
Microsoft Visual Studio Solution File, Format Version 12.00
# Visual Studio 15
VisualStudioVersion = 15.0.28307.757
MinimumVisualStudioVersion = 10.0.40219.1
Project("{FAE04EC0-301F-11D3-BF4B-00C04F79EFBC}") = "WSBridge", "WSBridge\WSBridge.csproj", "{546E8834-F1AB-4B3A-9D3D-40F3C9D8F969}"
EndProject
Global
	GlobalSection(SolutionConfigurationPlatforms) = preSolution
		Debug|Any CPU = Debug|Any CPU
		Release|Any CPU = Release|Any CPU
	EndGlobalSection
	GlobalSection(ProjectConfigurationPlatforms) = postSolution
		{546E8834-F1AB-4B3A-9D3D-40F3C9D8F969}.Debug|Any CPU.ActiveCfg = Debug|Any CPU
		{546E8834-F1AB-4B3A-9D3D-40F3C9D8F969}.Debug|Any CPU.Build.0 = Debug|Any CPU
		{546E8834-F1AB-4B3A-9D3D-40F3C9D8F969}.Release|Any CPU.ActiveCfg = Release|Any CPU
		{546E8834-F1AB-4B3A-9D3D-40F3C9D8F969}.Release|Any CPU.Build.0 = Release|Any CPU
	EndGlobalSection
	GlobalSection(SolutionProperties) = preSolution
		HideSolutionNode = FALSE
	EndGlobalSection
	GlobalSection(ExtensibilityGlobals) = postSolution
		SolutionGuid = {C4EB4D91-3367-478B-A70B-E004A068A330}
	EndGlobalSection
EndGlobal
